// !$*UTF8*$!
{
	archiveVersion = 1;
	classes = {
	};
	objectVersion = 46;
	objects = {

/* Begin PBXBuildFile section */
		F86B5F92F994ED81B331AF04 /* libPods.a in Frameworks */ = {isa = PBXBuildFile; fileRef = 44392AE8194A2CA435B8E275 /* libPods.a */; };
		F92811451A618C220073B33E /* AddFriendStep1VC.xib in Resources */ = {isa = PBXBuildFile; fileRef = F92811431A618C220073B33E /* AddFriendStep1VC.xib */; };
		F92811461A618C220073B33E /* AddFriendStep2VC.xib in Resources */ = {isa = PBXBuildFile; fileRef = F92811441A618C220073B33E /* AddFriendStep2VC.xib */; };
		F92811491A618CD20073B33E /* AddFriendNC.m in Sources */ = {isa = PBXBuildFile; fileRef = F92811481A618CD20073B33E /* AddFriendNC.m */; };
		F92CC0991A581CDF00AA0B70 /* BeckonsVC.m in Sources */ = {isa = PBXBuildFile; fileRef = F92CC0971A581CDF00AA0B70 /* BeckonsVC.m */; };
		F92CC09A1A581CDF00AA0B70 /* BeckonsVC.xib in Resources */ = {isa = PBXBuildFile; fileRef = F92CC0981A581CDF00AA0B70 /* BeckonsVC.xib */; };
		F92CC0A91A5890BB00AA0B70 /* FriendsVC.m in Sources */ = {isa = PBXBuildFile; fileRef = F92CC0A71A5890BB00AA0B70 /* FriendsVC.m */; };
		F92CC0AA1A5890BB00AA0B70 /* FriendsVC.xib in Resources */ = {isa = PBXBuildFile; fileRef = F92CC0A81A5890BB00AA0B70 /* FriendsVC.xib */; };
		F92CC0AE1A5891F900AA0B70 /* OverviewVC.m in Sources */ = {isa = PBXBuildFile; fileRef = F92CC0AC1A5891F900AA0B70 /* OverviewVC.m */; };
		F92CC0AF1A5891F900AA0B70 /* OverviewVC.xib in Resources */ = {isa = PBXBuildFile; fileRef = F92CC0AD1A5891F900AA0B70 /* OverviewVC.xib */; };
		F92CC0B11A5892C000AA0B70 /* MapKit.framework in Frameworks */ = {isa = PBXBuildFile; fileRef = F92CC0B01A5892C000AA0B70 /* MapKit.framework */; };
		F92CC0B81A596F1300AA0B70 /* CreateBeckonSwipeVC.m in Sources */ = {isa = PBXBuildFile; fileRef = F92CC0B71A596F1300AA0B70 /* CreateBeckonSwipeVC.m */; };
		F92CC0BC1A596F5600AA0B70 /* CreateBeckonStep1VC.m in Sources */ = {isa = PBXBuildFile; fileRef = F92CC0BA1A596F5600AA0B70 /* CreateBeckonStep1VC.m */; };
		F92CC0BD1A596F5600AA0B70 /* CreateBeckonStep1VC.xib in Resources */ = {isa = PBXBuildFile; fileRef = F92CC0BB1A596F5600AA0B70 /* CreateBeckonStep1VC.xib */; };
		F92CC0C11A596F6E00AA0B70 /* CreateBeckonStep2VC.m in Sources */ = {isa = PBXBuildFile; fileRef = F92CC0BF1A596F6E00AA0B70 /* CreateBeckonStep2VC.m */; };
		F92CC0C21A596F6E00AA0B70 /* CreateBeckonStep2VC.xib in Resources */ = {isa = PBXBuildFile; fileRef = F92CC0C01A596F6E00AA0B70 /* CreateBeckonStep2VC.xib */; };
		F92CC0C61A597E0800AA0B70 /* CreateBeckonStep3VC.m in Sources */ = {isa = PBXBuildFile; fileRef = F92CC0C41A597E0800AA0B70 /* CreateBeckonStep3VC.m */; };
		F92CC0C71A597E0800AA0B70 /* CreateBeckonStep3VC.xib in Resources */ = {isa = PBXBuildFile; fileRef = F92CC0C51A597E0800AA0B70 /* CreateBeckonStep3VC.xib */; };
		F92CC0D91A599ED000AA0B70 /* AddFriendStep1VC.m in Sources */ = {isa = PBXBuildFile; fileRef = F92CC0D71A599ED000AA0B70 /* AddFriendStep1VC.m */; };
		F92CC0DE1A599EE200AA0B70 /* AddFriendStep2VC.m in Sources */ = {isa = PBXBuildFile; fileRef = F92CC0DC1A599EE200AA0B70 /* AddFriendStep2VC.m */; };
		F92CC0E21A59A52300AA0B70 /* SwipeVC.m in Sources */ = {isa = PBXBuildFile; fileRef = F92CC0E11A59A52300AA0B70 /* SwipeVC.m */; };
		F92CC0E61A59CB7600AA0B70 /* SettingsVC.m in Sources */ = {isa = PBXBuildFile; fileRef = F92CC0E41A59CB7600AA0B70 /* SettingsVC.m */; };
		F92CC0E71A59CB7600AA0B70 /* SettingsVC.xib in Resources */ = {isa = PBXBuildFile; fileRef = F92CC0E51A59CB7600AA0B70 /* SettingsVC.xib */; };
		F95F30121A57262D00D2CC3B /* main.m in Sources */ = {isa = PBXBuildFile; fileRef = F95F30111A57262D00D2CC3B /* main.m */; };
		F95F30151A57262D00D2CC3B /* AppDelegate.m in Sources */ = {isa = PBXBuildFile; fileRef = F95F30141A57262D00D2CC3B /* AppDelegate.m */; };
		F95F301B1A57262D00D2CC3B /* Main.storyboard in Resources */ = {isa = PBXBuildFile; fileRef = F95F30191A57262D00D2CC3B /* Main.storyboard */; };
		F95F301D1A57262D00D2CC3B /* Images.xcassets in Resources */ = {isa = PBXBuildFile; fileRef = F95F301C1A57262D00D2CC3B /* Images.xcassets */; };
		F95F30201A57262D00D2CC3B /* LaunchScreen.xib in Resources */ = {isa = PBXBuildFile; fileRef = F95F301E1A57262D00D2CC3B /* LaunchScreen.xib */; };
		F95F302C1A57262D00D2CC3B /* BeckonTests.m in Sources */ = {isa = PBXBuildFile; fileRef = F95F302B1A57262D00D2CC3B /* BeckonTests.m */; };
		F960A7551A57285E000BB047 /* MainSwipeVC.m in Sources */ = {isa = PBXBuildFile; fileRef = F960A74E1A57285E000BB047 /* MainSwipeVC.m */; };
		F960A7571A57285E000BB047 /* SignInVC.m in Sources */ = {isa = PBXBuildFile; fileRef = F960A7521A57285E000BB047 /* SignInVC.m */; };
		F960A7581A57285E000BB047 /* SignUpVC.m in Sources */ = {isa = PBXBuildFile; fileRef = F960A7541A57285E000BB047 /* SignUpVC.m */; };
		F9DCFB331A63205D00B58029 /* FriendRequestCell.m in Sources */ = {isa = PBXBuildFile; fileRef = F9DCFB311A63205D00B58029 /* FriendRequestCell.m */; };
		F9DCFB341A63205D00B58029 /* FriendRequestCell.xib in Resources */ = {isa = PBXBuildFile; fileRef = F9DCFB321A63205D00B58029 /* FriendRequestCell.xib */; };
		F9DCFB381A640F2A00B58029 /* FriendVC.m in Sources */ = {isa = PBXBuildFile; fileRef = F9DCFB361A640F2A00B58029 /* FriendVC.m */; };
		F9DCFB391A640F2A00B58029 /* FriendVC.xib in Resources */ = {isa = PBXBuildFile; fileRef = F9DCFB371A640F2A00B58029 /* FriendVC.xib */; };
		F9DCFB3E1A64143100B58029 /* FriendCell.m in Sources */ = {isa = PBXBuildFile; fileRef = F9DCFB3C1A64143100B58029 /* FriendCell.m */; };
		F9DCFB3F1A64143100B58029 /* FriendCell.xib in Resources */ = {isa = PBXBuildFile; fileRef = F9DCFB3D1A64143100B58029 /* FriendCell.xib */; };
		F9DCFB411A6C428300B58029 /* CoreLocation.framework in Frameworks */ = {isa = PBXBuildFile; fileRef = F9DCFB401A6C428300B58029 /* CoreLocation.framework */; };
/* End PBXBuildFile section */

/* Begin PBXContainerItemProxy section */
		F95F30261A57262D00D2CC3B /* PBXContainerItemProxy */ = {
			isa = PBXContainerItemProxy;
			containerPortal = F95F30041A57262D00D2CC3B /* Project object */;
			proxyType = 1;
			remoteGlobalIDString = F95F300B1A57262D00D2CC3B;
			remoteInfo = Beckon;
		};
/* End PBXContainerItemProxy section */

/* Begin PBXFileReference section */
		153D9C6F3363723670029AF8 /* Pods.debug.xcconfig */ = {isa = PBXFileReference; includeInIndex = 1; lastKnownFileType = text.xcconfig; name = Pods.debug.xcconfig; path = "Pods/Target Support Files/Pods/Pods.debug.xcconfig"; sourceTree = "<group>"; };
		44392AE8194A2CA435B8E275 /* libPods.a */ = {isa = PBXFileReference; explicitFileType = archive.ar; includeInIndex = 0; path = libPods.a; sourceTree = BUILT_PRODUCTS_DIR; };
		C48ADF593C1D89D1A6F65F7A /* Pods.release.xcconfig */ = {isa = PBXFileReference; includeInIndex = 1; lastKnownFileType = text.xcconfig; name = Pods.release.xcconfig; path = "Pods/Target Support Files/Pods/Pods.release.xcconfig"; sourceTree = "<group>"; };
		F92811431A618C220073B33E /* AddFriendStep1VC.xib */ = {isa = PBXFileReference; fileEncoding = 4; lastKnownFileType = file.xib; path = AddFriendStep1VC.xib; sourceTree = "<group>"; };
		F92811441A618C220073B33E /* AddFriendStep2VC.xib */ = {isa = PBXFileReference; fileEncoding = 4; lastKnownFileType = file.xib; path = AddFriendStep2VC.xib; sourceTree = "<group>"; };
		F92811471A618CD20073B33E /* AddFriendNC.h */ = {isa = PBXFileReference; fileEncoding = 4; lastKnownFileType = sourcecode.c.h; path = AddFriendNC.h; sourceTree = "<group>"; };
		F92811481A618CD20073B33E /* AddFriendNC.m */ = {isa = PBXFileReference; fileEncoding = 4; lastKnownFileType = sourcecode.c.objc; path = AddFriendNC.m; sourceTree = "<group>"; };
		F92CC0961A581CDF00AA0B70 /* BeckonsVC.h */ = {isa = PBXFileReference; fileEncoding = 4; lastKnownFileType = sourcecode.c.h; path = BeckonsVC.h; sourceTree = "<group>"; };
		F92CC0971A581CDF00AA0B70 /* BeckonsVC.m */ = {isa = PBXFileReference; fileEncoding = 4; lastKnownFileType = sourcecode.c.objc; path = BeckonsVC.m; sourceTree = "<group>"; };
		F92CC0981A581CDF00AA0B70 /* BeckonsVC.xib */ = {isa = PBXFileReference; fileEncoding = 4; lastKnownFileType = file.xib; path = BeckonsVC.xib; sourceTree = "<group>"; };
		F92CC0A61A5890BB00AA0B70 /* FriendsVC.h */ = {isa = PBXFileReference; fileEncoding = 4; lastKnownFileType = sourcecode.c.h; path = FriendsVC.h; sourceTree = "<group>"; };
		F92CC0A71A5890BB00AA0B70 /* FriendsVC.m */ = {isa = PBXFileReference; fileEncoding = 4; lastKnownFileType = sourcecode.c.objc; path = FriendsVC.m; sourceTree = "<group>"; };
		F92CC0A81A5890BB00AA0B70 /* FriendsVC.xib */ = {isa = PBXFileReference; fileEncoding = 4; lastKnownFileType = file.xib; path = FriendsVC.xib; sourceTree = "<group>"; };
		F92CC0AB1A5891F900AA0B70 /* OverviewVC.h */ = {isa = PBXFileReference; fileEncoding = 4; lastKnownFileType = sourcecode.c.h; path = OverviewVC.h; sourceTree = "<group>"; };
		F92CC0AC1A5891F900AA0B70 /* OverviewVC.m */ = {isa = PBXFileReference; fileEncoding = 4; lastKnownFileType = sourcecode.c.objc; path = OverviewVC.m; sourceTree = "<group>"; };
		F92CC0AD1A5891F900AA0B70 /* OverviewVC.xib */ = {isa = PBXFileReference; fileEncoding = 4; lastKnownFileType = file.xib; path = OverviewVC.xib; sourceTree = "<group>"; };
		F92CC0B01A5892C000AA0B70 /* MapKit.framework */ = {isa = PBXFileReference; lastKnownFileType = wrapper.framework; name = MapKit.framework; path = System/Library/Frameworks/MapKit.framework; sourceTree = SDKROOT; };
		F92CC0B61A596F1300AA0B70 /* CreateBeckonSwipeVC.h */ = {isa = PBXFileReference; fileEncoding = 4; lastKnownFileType = sourcecode.c.h; path = CreateBeckonSwipeVC.h; sourceTree = "<group>"; };
		F92CC0B71A596F1300AA0B70 /* CreateBeckonSwipeVC.m */ = {isa = PBXFileReference; fileEncoding = 4; lastKnownFileType = sourcecode.c.objc; path = CreateBeckonSwipeVC.m; sourceTree = "<group>"; };
		F92CC0B91A596F5600AA0B70 /* CreateBeckonStep1VC.h */ = {isa = PBXFileReference; fileEncoding = 4; lastKnownFileType = sourcecode.c.h; path = CreateBeckonStep1VC.h; sourceTree = "<group>"; };
		F92CC0BA1A596F5600AA0B70 /* CreateBeckonStep1VC.m */ = {isa = PBXFileReference; fileEncoding = 4; lastKnownFileType = sourcecode.c.objc; path = CreateBeckonStep1VC.m; sourceTree = "<group>"; };
		F92CC0BB1A596F5600AA0B70 /* CreateBeckonStep1VC.xib */ = {isa = PBXFileReference; fileEncoding = 4; lastKnownFileType = file.xib; path = CreateBeckonStep1VC.xib; sourceTree = "<group>"; };
		F92CC0BE1A596F6E00AA0B70 /* CreateBeckonStep2VC.h */ = {isa = PBXFileReference; fileEncoding = 4; lastKnownFileType = sourcecode.c.h; path = CreateBeckonStep2VC.h; sourceTree = "<group>"; };
		F92CC0BF1A596F6E00AA0B70 /* CreateBeckonStep2VC.m */ = {isa = PBXFileReference; fileEncoding = 4; lastKnownFileType = sourcecode.c.objc; path = CreateBeckonStep2VC.m; sourceTree = "<group>"; };
		F92CC0C01A596F6E00AA0B70 /* CreateBeckonStep2VC.xib */ = {isa = PBXFileReference; fileEncoding = 4; lastKnownFileType = file.xib; path = CreateBeckonStep2VC.xib; sourceTree = "<group>"; };
		F92CC0C31A597E0800AA0B70 /* CreateBeckonStep3VC.h */ = {isa = PBXFileReference; fileEncoding = 4; lastKnownFileType = sourcecode.c.h; path = CreateBeckonStep3VC.h; sourceTree = "<group>"; };
		F92CC0C41A597E0800AA0B70 /* CreateBeckonStep3VC.m */ = {isa = PBXFileReference; fileEncoding = 4; lastKnownFileType = sourcecode.c.objc; path = CreateBeckonStep3VC.m; sourceTree = "<group>"; };
		F92CC0C51A597E0800AA0B70 /* CreateBeckonStep3VC.xib */ = {isa = PBXFileReference; fileEncoding = 4; lastKnownFileType = file.xib; path = CreateBeckonStep3VC.xib; sourceTree = "<group>"; };
		F92CC0D61A599ED000AA0B70 /* AddFriendStep1VC.h */ = {isa = PBXFileReference; fileEncoding = 4; lastKnownFileType = sourcecode.c.h; path = AddFriendStep1VC.h; sourceTree = "<group>"; };
		F92CC0D71A599ED000AA0B70 /* AddFriendStep1VC.m */ = {isa = PBXFileReference; fileEncoding = 4; lastKnownFileType = sourcecode.c.objc; path = AddFriendStep1VC.m; sourceTree = "<group>"; };
		F92CC0DB1A599EE200AA0B70 /* AddFriendStep2VC.h */ = {isa = PBXFileReference; fileEncoding = 4; lastKnownFileType = sourcecode.c.h; path = AddFriendStep2VC.h; sourceTree = "<group>"; };
		F92CC0DC1A599EE200AA0B70 /* AddFriendStep2VC.m */ = {isa = PBXFileReference; fileEncoding = 4; lastKnownFileType = sourcecode.c.objc; path = AddFriendStep2VC.m; sourceTree = "<group>"; };
		F92CC0E01A59A52300AA0B70 /* SwipeVC.h */ = {isa = PBXFileReference; fileEncoding = 4; lastKnownFileType = sourcecode.c.h; path = SwipeVC.h; sourceTree = "<group>"; };
		F92CC0E11A59A52300AA0B70 /* SwipeVC.m */ = {isa = PBXFileReference; fileEncoding = 4; lastKnownFileType = sourcecode.c.objc; path = SwipeVC.m; sourceTree = "<group>"; };
		F92CC0E31A59CB7600AA0B70 /* SettingsVC.h */ = {isa = PBXFileReference; fileEncoding = 4; lastKnownFileType = sourcecode.c.h; path = SettingsVC.h; sourceTree = "<group>"; };
		F92CC0E41A59CB7600AA0B70 /* SettingsVC.m */ = {isa = PBXFileReference; fileEncoding = 4; lastKnownFileType = sourcecode.c.objc; path = SettingsVC.m; sourceTree = "<group>"; };
		F92CC0E51A59CB7600AA0B70 /* SettingsVC.xib */ = {isa = PBXFileReference; fileEncoding = 4; lastKnownFileType = file.xib; path = SettingsVC.xib; sourceTree = "<group>"; };
		F95F300C1A57262D00D2CC3B /* Beckon.app */ = {isa = PBXFileReference; explicitFileType = wrapper.application; includeInIndex = 0; path = Beckon.app; sourceTree = BUILT_PRODUCTS_DIR; };
		F95F30101A57262D00D2CC3B /* Info.plist */ = {isa = PBXFileReference; lastKnownFileType = text.plist.xml; path = Info.plist; sourceTree = "<group>"; };
		F95F30111A57262D00D2CC3B /* main.m */ = {isa = PBXFileReference; lastKnownFileType = sourcecode.c.objc; path = main.m; sourceTree = "<group>"; };
		F95F30131A57262D00D2CC3B /* AppDelegate.h */ = {isa = PBXFileReference; lastKnownFileType = sourcecode.c.h; path = AppDelegate.h; sourceTree = "<group>"; };
		F95F30141A57262D00D2CC3B /* AppDelegate.m */ = {isa = PBXFileReference; lastKnownFileType = sourcecode.c.objc; path = AppDelegate.m; sourceTree = "<group>"; };
		F95F301A1A57262D00D2CC3B /* Base */ = {isa = PBXFileReference; lastKnownFileType = file.storyboard; name = Base; path = Base.lproj/Main.storyboard; sourceTree = "<group>"; };
		F95F301C1A57262D00D2CC3B /* Images.xcassets */ = {isa = PBXFileReference; lastKnownFileType = folder.assetcatalog; path = Images.xcassets; sourceTree = "<group>"; };
		F95F301F1A57262D00D2CC3B /* Base */ = {isa = PBXFileReference; lastKnownFileType = file.xib; name = Base; path = Base.lproj/LaunchScreen.xib; sourceTree = "<group>"; };
		F95F30251A57262D00D2CC3B /* BeckonTests.xctest */ = {isa = PBXFileReference; explicitFileType = wrapper.cfbundle; includeInIndex = 0; path = BeckonTests.xctest; sourceTree = BUILT_PRODUCTS_DIR; };
		F95F302A1A57262D00D2CC3B /* Info.plist */ = {isa = PBXFileReference; lastKnownFileType = text.plist.xml; path = Info.plist; sourceTree = "<group>"; };
		F95F302B1A57262D00D2CC3B /* BeckonTests.m */ = {isa = PBXFileReference; lastKnownFileType = sourcecode.c.objc; path = BeckonTests.m; sourceTree = "<group>"; };
		F960A74D1A57285E000BB047 /* MainSwipeVC.h */ = {isa = PBXFileReference; fileEncoding = 4; lastKnownFileType = sourcecode.c.h; path = MainSwipeVC.h; sourceTree = "<group>"; };
		F960A74E1A57285E000BB047 /* MainSwipeVC.m */ = {isa = PBXFileReference; fileEncoding = 4; lastKnownFileType = sourcecode.c.objc; path = MainSwipeVC.m; sourceTree = "<group>"; };
		F960A7511A57285E000BB047 /* SignInVC.h */ = {isa = PBXFileReference; fileEncoding = 4; lastKnownFileType = sourcecode.c.h; path = SignInVC.h; sourceTree = "<group>"; };
		F960A7521A57285E000BB047 /* SignInVC.m */ = {isa = PBXFileReference; fileEncoding = 4; lastKnownFileType = sourcecode.c.objc; path = SignInVC.m; sourceTree = "<group>"; };
		F960A7531A57285E000BB047 /* SignUpVC.h */ = {isa = PBXFileReference; fileEncoding = 4; lastKnownFileType = sourcecode.c.h; path = SignUpVC.h; sourceTree = "<group>"; };
		F960A7541A57285E000BB047 /* SignUpVC.m */ = {isa = PBXFileReference; fileEncoding = 4; lastKnownFileType = sourcecode.c.objc; path = SignUpVC.m; sourceTree = "<group>"; };
		F9DCFB301A63205D00B58029 /* FriendRequestCell.h */ = {isa = PBXFileReference; fileEncoding = 4; lastKnownFileType = sourcecode.c.h; path = FriendRequestCell.h; sourceTree = "<group>"; };
		F9DCFB311A63205D00B58029 /* FriendRequestCell.m */ = {isa = PBXFileReference; fileEncoding = 4; lastKnownFileType = sourcecode.c.objc; path = FriendRequestCell.m; sourceTree = "<group>"; };
		F9DCFB321A63205D00B58029 /* FriendRequestCell.xib */ = {isa = PBXFileReference; fileEncoding = 4; lastKnownFileType = file.xib; path = FriendRequestCell.xib; sourceTree = "<group>"; };
		F9DCFB351A640F2A00B58029 /* FriendVC.h */ = {isa = PBXFileReference; fileEncoding = 4; lastKnownFileType = sourcecode.c.h; path = FriendVC.h; sourceTree = "<group>"; };
		F9DCFB361A640F2A00B58029 /* FriendVC.m */ = {isa = PBXFileReference; fileEncoding = 4; lastKnownFileType = sourcecode.c.objc; path = FriendVC.m; sourceTree = "<group>"; };
		F9DCFB371A640F2A00B58029 /* FriendVC.xib */ = {isa = PBXFileReference; fileEncoding = 4; lastKnownFileType = file.xib; path = FriendVC.xib; sourceTree = "<group>"; };
		F9DCFB3B1A64143100B58029 /* FriendCell.h */ = {isa = PBXFileReference; fileEncoding = 4; lastKnownFileType = sourcecode.c.h; path = FriendCell.h; sourceTree = "<group>"; };
		F9DCFB3C1A64143100B58029 /* FriendCell.m */ = {isa = PBXFileReference; fileEncoding = 4; lastKnownFileType = sourcecode.c.objc; path = FriendCell.m; sourceTree = "<group>"; };
		F9DCFB3D1A64143100B58029 /* FriendCell.xib */ = {isa = PBXFileReference; fileEncoding = 4; lastKnownFileType = file.xib; path = FriendCell.xib; sourceTree = "<group>"; };
		F9DCFB401A6C428300B58029 /* CoreLocation.framework */ = {isa = PBXFileReference; lastKnownFileType = wrapper.framework; name = CoreLocation.framework; path = System/Library/Frameworks/CoreLocation.framework; sourceTree = SDKROOT; };
/* End PBXFileReference section */

/* Begin PBXFrameworksBuildPhase section */
		F95F30091A57262D00D2CC3B /* Frameworks */ = {
			isa = PBXFrameworksBuildPhase;
			buildActionMask = 2147483647;
			files = (
				F9DCFB411A6C428300B58029 /* CoreLocation.framework in Frameworks */,
				F92CC0B11A5892C000AA0B70 /* MapKit.framework in Frameworks */,
				F86B5F92F994ED81B331AF04 /* libPods.a in Frameworks */,
			);
			runOnlyForDeploymentPostprocessing = 0;
		};
		F95F30221A57262D00D2CC3B /* Frameworks */ = {
			isa = PBXFrameworksBuildPhase;
			buildActionMask = 2147483647;
			files = (
			);
			runOnlyForDeploymentPostprocessing = 0;
		};
/* End PBXFrameworksBuildPhase section */

/* Begin PBXGroup section */
		6055E700AD8E2906387336D4 /* Pods */ = {
			isa = PBXGroup;
			children = (
				153D9C6F3363723670029AF8 /* Pods.debug.xcconfig */,
				C48ADF593C1D89D1A6F65F7A /* Pods.release.xcconfig */,
			);
			name = Pods;
			sourceTree = "<group>";
		};
		E1FD63CD532B91CB4A006EDA /* Frameworks */ = {
			isa = PBXGroup;
			children = (
				F9DCFB401A6C428300B58029 /* CoreLocation.framework */,
				F92CC0B01A5892C000AA0B70 /* MapKit.framework */,
				44392AE8194A2CA435B8E275 /* libPods.a */,
			);
			name = Frameworks;
			sourceTree = "<group>";
		};
		F92CC0951A581CB300AA0B70 /* Main scenes */ = {
			isa = PBXGroup;
			children = (
				F960A74D1A57285E000BB047 /* MainSwipeVC.h */,
				F960A74E1A57285E000BB047 /* MainSwipeVC.m */,
				F92CC0961A581CDF00AA0B70 /* BeckonsVC.h */,
				F92CC0971A581CDF00AA0B70 /* BeckonsVC.m */,
				F92CC0981A581CDF00AA0B70 /* BeckonsVC.xib */,
				F92CC0A61A5890BB00AA0B70 /* FriendsVC.h */,
				F92CC0A71A5890BB00AA0B70 /* FriendsVC.m */,
				F92CC0A81A5890BB00AA0B70 /* FriendsVC.xib */,
				F92CC0AB1A5891F900AA0B70 /* OverviewVC.h */,
				F92CC0AC1A5891F900AA0B70 /* OverviewVC.m */,
				F92CC0AD1A5891F900AA0B70 /* OverviewVC.xib */,
				F92CC0E31A59CB7600AA0B70 /* SettingsVC.h */,
				F92CC0E41A59CB7600AA0B70 /* SettingsVC.m */,
				F92CC0E51A59CB7600AA0B70 /* SettingsVC.xib */,
			);
			name = "Main scenes";
			sourceTree = "<group>";
		};
		F92CC0B21A5893EC00AA0B70 /* Account scenes */ = {
			isa = PBXGroup;
			children = (
				F960A7511A57285E000BB047 /* SignInVC.h */,
				F960A7521A57285E000BB047 /* SignInVC.m */,
				F960A7531A57285E000BB047 /* SignUpVC.h */,
				F960A7541A57285E000BB047 /* SignUpVC.m */,
			);
			name = "Account scenes";
			sourceTree = "<group>";
		};
		F92CC0B31A58941100AA0B70 /* Supporting scenes */ = {
			isa = PBXGroup;
			children = (
				F95F301E1A57262D00D2CC3B /* LaunchScreen.xib */,
			);
			name = "Supporting scenes";
			sourceTree = "<group>";
		};
		F92CC0B41A596DFA00AA0B70 /* Detail scenes */ = {
			isa = PBXGroup;
			children = (
				F9DCFB3A1A640F3100B58029 /* Friend scenes */,
				F92CC0D21A599E8A00AA0B70 /* Add Friend scenes */,
				F92CC0B51A596E0300AA0B70 /* Create Beckon scenes */,
			);
			name = "Detail scenes";
			sourceTree = "<group>";
		};
		F92CC0B51A596E0300AA0B70 /* Create Beckon scenes */ = {
			isa = PBXGroup;
			children = (
				F92CC0B61A596F1300AA0B70 /* CreateBeckonSwipeVC.h */,
				F92CC0B71A596F1300AA0B70 /* CreateBeckonSwipeVC.m */,
				F92CC0B91A596F5600AA0B70 /* CreateBeckonStep1VC.h */,
				F92CC0BA1A596F5600AA0B70 /* CreateBeckonStep1VC.m */,
				F92CC0BB1A596F5600AA0B70 /* CreateBeckonStep1VC.xib */,
				F92CC0BE1A596F6E00AA0B70 /* CreateBeckonStep2VC.h */,
				F92CC0BF1A596F6E00AA0B70 /* CreateBeckonStep2VC.m */,
				F92CC0C01A596F6E00AA0B70 /* CreateBeckonStep2VC.xib */,
				F92CC0C31A597E0800AA0B70 /* CreateBeckonStep3VC.h */,
				F92CC0C41A597E0800AA0B70 /* CreateBeckonStep3VC.m */,
				F92CC0C51A597E0800AA0B70 /* CreateBeckonStep3VC.xib */,
			);
			name = "Create Beckon scenes";
			sourceTree = "<group>";
		};
		F92CC0D21A599E8A00AA0B70 /* Add Friend scenes */ = {
			isa = PBXGroup;
			children = (
				F92CC0D61A599ED000AA0B70 /* AddFriendStep1VC.h */,
				F92CC0D71A599ED000AA0B70 /* AddFriendStep1VC.m */,
				F92811431A618C220073B33E /* AddFriendStep1VC.xib */,
				F92CC0DB1A599EE200AA0B70 /* AddFriendStep2VC.h */,
				F92CC0DC1A599EE200AA0B70 /* AddFriendStep2VC.m */,
				F92811441A618C220073B33E /* AddFriendStep2VC.xib */,
				F92811471A618CD20073B33E /* AddFriendNC.h */,
				F92811481A618CD20073B33E /* AddFriendNC.m */,
			);
			name = "Add Friend scenes";
			sourceTree = "<group>";
		};
		F95F30031A57262D00D2CC3B = {
			isa = PBXGroup;
			children = (
				F95F300E1A57262D00D2CC3B /* Beckon */,
				F95F30281A57262D00D2CC3B /* BeckonTests */,
				F95F300D1A57262D00D2CC3B /* Products */,
				6055E700AD8E2906387336D4 /* Pods */,
				E1FD63CD532B91CB4A006EDA /* Frameworks */,
			);
			sourceTree = "<group>";
		};
		F95F300D1A57262D00D2CC3B /* Products */ = {
			isa = PBXGroup;
			children = (
				F95F300C1A57262D00D2CC3B /* Beckon.app */,
				F95F30251A57262D00D2CC3B /* BeckonTests.xctest */,
			);
			name = Products;
			sourceTree = "<group>";
		};
		F95F300E1A57262D00D2CC3B /* Beckon */ = {
			isa = PBXGroup;
			children = (
				F9DCFB2A1A631A3500B58029 /* Cells */,
				F92CC0B41A596DFA00AA0B70 /* Detail scenes */,
				F92CC0B31A58941100AA0B70 /* Supporting scenes */,
				F92CC0B21A5893EC00AA0B70 /* Account scenes */,
				F92CC0951A581CB300AA0B70 /* Main scenes */,
				F95F30191A57262D00D2CC3B /* Main.storyboard */,
				F95F300F1A57262D00D2CC3B /* Supporting Files */,
			);
			path = Beckon;
			sourceTree = "<group>";
		};
		F95F300F1A57262D00D2CC3B /* Supporting Files */ = {
			isa = PBXGroup;
			children = (
				F95F30131A57262D00D2CC3B /* AppDelegate.h */,
				F95F30141A57262D00D2CC3B /* AppDelegate.m */,
				F95F301C1A57262D00D2CC3B /* Images.xcassets */,
				F95F30101A57262D00D2CC3B /* Info.plist */,
				F95F30111A57262D00D2CC3B /* main.m */,
				F92CC0E01A59A52300AA0B70 /* SwipeVC.h */,
				F92CC0E11A59A52300AA0B70 /* SwipeVC.m */,
			);
			name = "Supporting Files";
			sourceTree = "<group>";
		};
		F95F30281A57262D00D2CC3B /* BeckonTests */ = {
			isa = PBXGroup;
			children = (
				F95F302B1A57262D00D2CC3B /* BeckonTests.m */,
				F95F30291A57262D00D2CC3B /* Supporting Files */,
			);
			path = BeckonTests;
			sourceTree = "<group>";
		};
		F95F30291A57262D00D2CC3B /* Supporting Files */ = {
			isa = PBXGroup;
			children = (
				F95F302A1A57262D00D2CC3B /* Info.plist */,
			);
			name = "Supporting Files";
			sourceTree = "<group>";
		};
		F9DCFB2A1A631A3500B58029 /* Cells */ = {
			isa = PBXGroup;
			children = (
				F9DCFB301A63205D00B58029 /* FriendRequestCell.h */,
				F9DCFB311A63205D00B58029 /* FriendRequestCell.m */,
				F9DCFB321A63205D00B58029 /* FriendRequestCell.xib */,
				F9DCFB3B1A64143100B58029 /* FriendCell.h */,
				F9DCFB3C1A64143100B58029 /* FriendCell.m */,
				F9DCFB3D1A64143100B58029 /* FriendCell.xib */,
			);
			name = Cells;
			sourceTree = "<group>";
		};
		F9DCFB3A1A640F3100B58029 /* Friend scenes */ = {
			isa = PBXGroup;
			children = (
				F9DCFB351A640F2A00B58029 /* FriendVC.h */,
				F9DCFB361A640F2A00B58029 /* FriendVC.m */,
				F9DCFB371A640F2A00B58029 /* FriendVC.xib */,
			);
			name = "Friend scenes";
			sourceTree = "<group>";
		};
/* End PBXGroup section */

/* Begin PBXNativeTarget section */
		F95F300B1A57262D00D2CC3B /* Beckon */ = {
			isa = PBXNativeTarget;
			buildConfigurationList = F95F302F1A57262D00D2CC3B /* Build configuration list for PBXNativeTarget "Beckon" */;
			buildPhases = (
				CC9A560DDB3DAD3211FE8AA4 /* Check Pods Manifest.lock */,
				F95F30081A57262D00D2CC3B /* Sources */,
				F95F30091A57262D00D2CC3B /* Frameworks */,
				F95F300A1A57262D00D2CC3B /* Resources */,
				9F1B88FC86BE3D92E18EC57D /* Copy Pods Resources */,
			);
			buildRules = (
			);
			dependencies = (
			);
			name = Beckon;
			productName = Beckon;
			productReference = F95F300C1A57262D00D2CC3B /* Beckon.app */;
			productType = "com.apple.product-type.application";
		};
		F95F30241A57262D00D2CC3B /* BeckonTests */ = {
			isa = PBXNativeTarget;
			buildConfigurationList = F95F30321A57262D00D2CC3B /* Build configuration list for PBXNativeTarget "BeckonTests" */;
			buildPhases = (
				F95F30211A57262D00D2CC3B /* Sources */,
				F95F30221A57262D00D2CC3B /* Frameworks */,
				F95F30231A57262D00D2CC3B /* Resources */,
			);
			buildRules = (
			);
			dependencies = (
				F95F30271A57262D00D2CC3B /* PBXTargetDependency */,
			);
			name = BeckonTests;
			productName = BeckonTests;
			productReference = F95F30251A57262D00D2CC3B /* BeckonTests.xctest */;
			productType = "com.apple.product-type.bundle.unit-test";
		};
/* End PBXNativeTarget section */

/* Begin PBXProject section */
		F95F30041A57262D00D2CC3B /* Project object */ = {
			isa = PBXProject;
			attributes = {
				LastUpgradeCheck = 0610;
				ORGANIZATIONNAME = "Beckon IVS";
				TargetAttributes = {
					F95F300B1A57262D00D2CC3B = {
						CreatedOnToolsVersion = 6.1;
						DevelopmentTeam = 24ZKBP96S6;
					};
					F95F30241A57262D00D2CC3B = {
						CreatedOnToolsVersion = 6.1;
						DevelopmentTeam = 24ZKBP96S6;
						TestTargetID = F95F300B1A57262D00D2CC3B;
					};
				};
			};
			buildConfigurationList = F95F30071A57262D00D2CC3B /* Build configuration list for PBXProject "Beckon" */;
			compatibilityVersion = "Xcode 3.2";
			developmentRegion = English;
			hasScannedForEncodings = 0;
			knownRegions = (
				en,
				Base,
			);
			mainGroup = F95F30031A57262D00D2CC3B;
			productRefGroup = F95F300D1A57262D00D2CC3B /* Products */;
			projectDirPath = "";
			projectRoot = "";
			targets = (
				F95F300B1A57262D00D2CC3B /* Beckon */,
				F95F30241A57262D00D2CC3B /* BeckonTests */,
			);
		};
/* End PBXProject section */

/* Begin PBXResourcesBuildPhase section */
		F95F300A1A57262D00D2CC3B /* Resources */ = {
			isa = PBXResourcesBuildPhase;
			buildActionMask = 2147483647;
			files = (
				F92CC09A1A581CDF00AA0B70 /* BeckonsVC.xib in Resources */,
				F92811461A618C220073B33E /* AddFriendStep2VC.xib in Resources */,
				F92CC0AA1A5890BB00AA0B70 /* FriendsVC.xib in Resources */,
				F95F301B1A57262D00D2CC3B /* Main.storyboard in Resources */,
				F9DCFB391A640F2A00B58029 /* FriendVC.xib in Resources */,
				F92811451A618C220073B33E /* AddFriendStep1VC.xib in Resources */,
				F9DCFB3F1A64143100B58029 /* FriendCell.xib in Resources */,
				F92CC0AF1A5891F900AA0B70 /* OverviewVC.xib in Resources */,
				F95F30201A57262D00D2CC3B /* LaunchScreen.xib in Resources */,
				F92CC0C21A596F6E00AA0B70 /* CreateBeckonStep2VC.xib in Resources */,
				F92CC0C71A597E0800AA0B70 /* CreateBeckonStep3VC.xib in Resources */,
				F95F301D1A57262D00D2CC3B /* Images.xcassets in Resources */,
				F92CC0BD1A596F5600AA0B70 /* CreateBeckonStep1VC.xib in Resources */,
				F92CC0E71A59CB7600AA0B70 /* SettingsVC.xib in Resources */,
				F9DCFB341A63205D00B58029 /* FriendRequestCell.xib in Resources */,
			);
			runOnlyForDeploymentPostprocessing = 0;
		};
		F95F30231A57262D00D2CC3B /* Resources */ = {
			isa = PBXResourcesBuildPhase;
			buildActionMask = 2147483647;
			files = (
			);
			runOnlyForDeploymentPostprocessing = 0;
		};
/* End PBXResourcesBuildPhase section */

/* Begin PBXShellScriptBuildPhase section */
		9F1B88FC86BE3D92E18EC57D /* Copy Pods Resources */ = {
			isa = PBXShellScriptBuildPhase;
			buildActionMask = 2147483647;
			files = (
			);
			inputPaths = (
			);
			name = "Copy Pods Resources";
			outputPaths = (
			);
			runOnlyForDeploymentPostprocessing = 0;
			shellPath = /bin/sh;
			shellScript = "\"${SRCROOT}/Pods/Target Support Files/Pods/Pods-resources.sh\"\n";
			showEnvVarsInLog = 0;
		};
		CC9A560DDB3DAD3211FE8AA4 /* Check Pods Manifest.lock */ = {
			isa = PBXShellScriptBuildPhase;
			buildActionMask = 2147483647;
			files = (
			);
			inputPaths = (
			);
			name = "Check Pods Manifest.lock";
			outputPaths = (
			);
			runOnlyForDeploymentPostprocessing = 0;
			shellPath = /bin/sh;
			shellScript = "diff \"${PODS_ROOT}/../Podfile.lock\" \"${PODS_ROOT}/Manifest.lock\" > /dev/null\nif [[ $? != 0 ]] ; then\n    cat << EOM\nerror: The sandbox is not in sync with the Podfile.lock. Run 'pod install' or update your CocoaPods installation.\nEOM\n    exit 1\nfi\n";
			showEnvVarsInLog = 0;
		};
/* End PBXShellScriptBuildPhase section */

/* Begin PBXSourcesBuildPhase section */
		F95F30081A57262D00D2CC3B /* Sources */ = {
			isa = PBXSourcesBuildPhase;
			buildActionMask = 2147483647;
			files = (
				F960A7581A57285E000BB047 /* SignUpVC.m in Sources */,
				F92CC0B81A596F1300AA0B70 /* CreateBeckonSwipeVC.m in Sources */,
				F92CC0C11A596F6E00AA0B70 /* CreateBeckonStep2VC.m in Sources */,
				F92CC0BC1A596F5600AA0B70 /* CreateBeckonStep1VC.m in Sources */,
				F92811491A618CD20073B33E /* AddFriendNC.m in Sources */,
				F92CC0A91A5890BB00AA0B70 /* FriendsVC.m in Sources */,
				F92CC0E61A59CB7600AA0B70 /* SettingsVC.m in Sources */,
				F92CC0DE1A599EE200AA0B70 /* AddFriendStep2VC.m in Sources */,
				F960A7551A57285E000BB047 /* MainSwipeVC.m in Sources */,
				F92CC0C61A597E0800AA0B70 /* CreateBeckonStep3VC.m in Sources */,
				F92CC0991A581CDF00AA0B70 /* BeckonsVC.m in Sources */,
				F9DCFB3E1A64143100B58029 /* FriendCell.m in Sources */,
				F92CC0E21A59A52300AA0B70 /* SwipeVC.m in Sources */,
				F960A7571A57285E000BB047 /* SignInVC.m in Sources */,
				F92CC0D91A599ED000AA0B70 /* AddFriendStep1VC.m in Sources */,
				F92CC0AE1A5891F900AA0B70 /* OverviewVC.m in Sources */,
				F9DCFB331A63205D00B58029 /* FriendRequestCell.m in Sources */,
				F95F30151A57262D00D2CC3B /* AppDelegate.m in Sources */,
				F9DCFB381A640F2A00B58029 /* FriendVC.m in Sources */,
				F95F30121A57262D00D2CC3B /* main.m in Sources */,
			);
			runOnlyForDeploymentPostprocessing = 0;
		};
		F95F30211A57262D00D2CC3B /* Sources */ = {
			isa = PBXSourcesBuildPhase;
			buildActionMask = 2147483647;
			files = (
				F95F302C1A57262D00D2CC3B /* BeckonTests.m in Sources */,
			);
			runOnlyForDeploymentPostprocessing = 0;
		};
/* End PBXSourcesBuildPhase section */

/* Begin PBXTargetDependency section */
		F95F30271A57262D00D2CC3B /* PBXTargetDependency */ = {
			isa = PBXTargetDependency;
			target = F95F300B1A57262D00D2CC3B /* Beckon */;
			targetProxy = F95F30261A57262D00D2CC3B /* PBXContainerItemProxy */;
		};
/* End PBXTargetDependency section */

/* Begin PBXVariantGroup section */
		F95F30191A57262D00D2CC3B /* Main.storyboard */ = {
			isa = PBXVariantGroup;
			children = (
				F95F301A1A57262D00D2CC3B /* Base */,
			);
			name = Main.storyboard;
			sourceTree = "<group>";
		};
		F95F301E1A57262D00D2CC3B /* LaunchScreen.xib */ = {
			isa = PBXVariantGroup;
			children = (
				F95F301F1A57262D00D2CC3B /* Base */,
			);
			name = LaunchScreen.xib;
			sourceTree = "<group>";
		};
/* End PBXVariantGroup section */

/* Begin XCBuildConfiguration section */
		F95F302D1A57262D00D2CC3B /* Debug */ = {
			isa = XCBuildConfiguration;
			buildSettings = {
				ALWAYS_SEARCH_USER_PATHS = NO;
				CLANG_CXX_LANGUAGE_STANDARD = "gnu++0x";
				CLANG_CXX_LIBRARY = "libc++";
				CLANG_ENABLE_MODULES = YES;
				CLANG_ENABLE_OBJC_ARC = YES;
				CLANG_WARN_BOOL_CONVERSION = YES;
				CLANG_WARN_CONSTANT_CONVERSION = YES;
				CLANG_WARN_DIRECT_OBJC_ISA_USAGE = YES_ERROR;
				CLANG_WARN_EMPTY_BODY = YES;
				CLANG_WARN_ENUM_CONVERSION = YES;
				CLANG_WARN_INT_CONVERSION = YES;
				CLANG_WARN_OBJC_ROOT_CLASS = YES_ERROR;
				CLANG_WARN_UNREACHABLE_CODE = YES;
				CLANG_WARN__DUPLICATE_METHOD_MATCH = YES;
				CODE_SIGN_IDENTITY = "";
				"CODE_SIGN_IDENTITY[sdk=iphoneos*]" = "iPhone Developer: Steffen Rudkjobing (NF4RM385UN)";
				COPY_PHASE_STRIP = NO;
				ENABLE_STRICT_OBJC_MSGSEND = YES;
				GCC_C_LANGUAGE_STANDARD = gnu99;
				GCC_DYNAMIC_NO_PIC = NO;
				GCC_OPTIMIZATION_LEVEL = 0;
				GCC_PREPROCESSOR_DEFINITIONS = (
					"DEBUG=1",
					"$(inherited)",
				);
				GCC_SYMBOLS_PRIVATE_EXTERN = NO;
				GCC_WARN_64_TO_32_BIT_CONVERSION = YES;
				GCC_WARN_ABOUT_RETURN_TYPE = YES_ERROR;
				GCC_WARN_UNDECLARED_SELECTOR = YES;
				GCC_WARN_UNINITIALIZED_AUTOS = YES_AGGRESSIVE;
				GCC_WARN_UNUSED_FUNCTION = YES;
				GCC_WARN_UNUSED_VARIABLE = YES;
				IPHONEOS_DEPLOYMENT_TARGET = 8.1;
				MTL_ENABLE_DEBUG_INFO = YES;
				ONLY_ACTIVE_ARCH = YES;
				PROVISIONING_PROFILE = "12789b4e-b76e-47d1-b7ab-721e70d54741";
				SDKROOT = iphoneos;
			};
			name = Debug;
		};
		F95F302E1A57262D00D2CC3B /* Release */ = {
			isa = XCBuildConfiguration;
			buildSettings = {
				ALWAYS_SEARCH_USER_PATHS = NO;
				CLANG_CXX_LANGUAGE_STANDARD = "gnu++0x";
				CLANG_CXX_LIBRARY = "libc++";
				CLANG_ENABLE_MODULES = YES;
				CLANG_ENABLE_OBJC_ARC = YES;
				CLANG_WARN_BOOL_CONVERSION = YES;
				CLANG_WARN_CONSTANT_CONVERSION = YES;
				CLANG_WARN_DIRECT_OBJC_ISA_USAGE = YES_ERROR;
				CLANG_WARN_EMPTY_BODY = YES;
				CLANG_WARN_ENUM_CONVERSION = YES;
				CLANG_WARN_INT_CONVERSION = YES;
				CLANG_WARN_OBJC_ROOT_CLASS = YES_ERROR;
				CLANG_WARN_UNREACHABLE_CODE = YES;
				CLANG_WARN__DUPLICATE_METHOD_MATCH = YES;
				"CODE_SIGN_IDENTITY[sdk=iphoneos*]" = "iPhone Developer";
				COPY_PHASE_STRIP = YES;
				ENABLE_NS_ASSERTIONS = NO;
				ENABLE_STRICT_OBJC_MSGSEND = YES;
				GCC_C_LANGUAGE_STANDARD = gnu99;
				GCC_WARN_64_TO_32_BIT_CONVERSION = YES;
				GCC_WARN_ABOUT_RETURN_TYPE = YES_ERROR;
				GCC_WARN_UNDECLARED_SELECTOR = YES;
				GCC_WARN_UNINITIALIZED_AUTOS = YES_AGGRESSIVE;
				GCC_WARN_UNUSED_FUNCTION = YES;
				GCC_WARN_UNUSED_VARIABLE = YES;
				IPHONEOS_DEPLOYMENT_TARGET = 8.1;
				MTL_ENABLE_DEBUG_INFO = NO;
				ONLY_ACTIVE_ARCH = NO;
				PROVISIONING_PROFILE = "12789b4e-b76e-47d1-b7ab-721e70d54741";
				SDKROOT = iphoneos;
				VALIDATE_PRODUCT = YES;
			};
			name = Release;
		};
		F95F30301A57262D00D2CC3B /* Debug */ = {
			isa = XCBuildConfiguration;
			baseConfigurationReference = 153D9C6F3363723670029AF8 /* Pods.debug.xcconfig */;
			buildSettings = {
				ASSETCATALOG_COMPILER_APPICON_NAME = AppIcon;
				CODE_SIGN_IDENTITY = "iPhone Developer";
				"CODE_SIGN_IDENTITY[sdk=iphoneos*]" = "iPhone Developer";
				INFOPLIST_FILE = Beckon/Info.plist;
				LD_RUNPATH_SEARCH_PATHS = "$(inherited) @executable_path/Frameworks";
				PRODUCT_NAME = "$(TARGET_NAME)";
				PROVISIONING_PROFILE = "";
			};
			name = Debug;
		};
		F95F30311A57262D00D2CC3B /* Release */ = {
			isa = XCBuildConfiguration;
			baseConfigurationReference = C48ADF593C1D89D1A6F65F7A /* Pods.release.xcconfig */;
			buildSettings = {
				ASSETCATALOG_COMPILER_APPICON_NAME = AppIcon;
				CODE_SIGN_IDENTITY = "iPhone Developer";
				"CODE_SIGN_IDENTITY[sdk=iphoneos*]" = "iPhone Developer";
				INFOPLIST_FILE = Beckon/Info.plist;
				LD_RUNPATH_SEARCH_PATHS = "$(inherited) @executable_path/Frameworks";
				PRODUCT_NAME = "$(TARGET_NAME)";
				PROVISIONING_PROFILE = "";
			};
			name = Release;
		};
		F95F30331A57262D00D2CC3B /* Debug */ = {
			isa = XCBuildConfiguration;
			buildSettings = {
				BUNDLE_LOADER = "$(TEST_HOST)";
				CODE_SIGN_IDENTITY = "iPhone Developer";
				"CODE_SIGN_IDENTITY[sdk=iphoneos*]" = "iPhone Developer";
				FRAMEWORK_SEARCH_PATHS = (
					"$(SDKROOT)/Developer/Library/Frameworks",
					"$(inherited)",
				);
				GCC_PREPROCESSOR_DEFINITIONS = (
					"DEBUG=1",
					"$(inherited)",
				);
				INFOPLIST_FILE = BeckonTests/Info.plist;
				LD_RUNPATH_SEARCH_PATHS = "$(inherited) @executable_path/Frameworks @loader_path/Frameworks";
				PRODUCT_NAME = "$(TARGET_NAME)";
				PROVISIONING_PROFILE = "";
				TEST_HOST = "$(BUILT_PRODUCTS_DIR)/Beckon.app/Beckon";
			};
			name = Debug;
		};
		F95F30341A57262D00D2CC3B /* Release */ = {
			isa = XCBuildConfiguration;
			buildSettings = {
				BUNDLE_LOADER = "$(TEST_HOST)";
				CODE_SIGN_IDENTITY = "iPhone Developer";
				"CODE_SIGN_IDENTITY[sdk=iphoneos*]" = "iPhone Developer";
				FRAMEWORK_SEARCH_PATHS = (
					"$(SDKROOT)/Developer/Library/Frameworks",
					"$(inherited)",
				);
				INFOPLIST_FILE = BeckonTests/Info.plist;
				LD_RUNPATH_SEARCH_PATHS = "$(inherited) @executable_path/Frameworks @loader_path/Frameworks";
				PRODUCT_NAME = "$(TARGET_NAME)";
				PROVISIONING_PROFILE = "";
				TEST_HOST = "$(BUILT_PRODUCTS_DIR)/Beckon.app/Beckon";
			};
			name = Release;
		};
		F9B3534C1A5DE265006342C6 /* Test */ = {
			isa = XCBuildConfiguration;
			buildSettings = {
				ALWAYS_SEARCH_USER_PATHS = NO;
				CLANG_CXX_LANGUAGE_STANDARD = "gnu++0x";
				CLANG_CXX_LIBRARY = "libc++";
				CLANG_ENABLE_MODULES = YES;
				CLANG_ENABLE_OBJC_ARC = YES;
				CLANG_WARN_BOOL_CONVERSION = YES;
				CLANG_WARN_CONSTANT_CONVERSION = YES;
				CLANG_WARN_DIRECT_OBJC_ISA_USAGE = YES_ERROR;
				CLANG_WARN_EMPTY_BODY = YES;
				CLANG_WARN_ENUM_CONVERSION = YES;
				CLANG_WARN_INT_CONVERSION = YES;
				CLANG_WARN_OBJC_ROOT_CLASS = YES_ERROR;
				CLANG_WARN_UNREACHABLE_CODE = YES;
				CLANG_WARN__DUPLICATE_METHOD_MATCH = YES;
				"CODE_SIGN_IDENTITY[sdk=iphoneos*]" = "iPhone Developer";
				COPY_PHASE_STRIP = NO;
				ENABLE_STRICT_OBJC_MSGSEND = YES;
				GCC_C_LANGUAGE_STANDARD = gnu99;
				GCC_DYNAMIC_NO_PIC = NO;
				GCC_OPTIMIZATION_LEVEL = 0;
				GCC_PREPROCESSOR_DEFINITIONS = (
					"DEBUG=1",
					"$(inherited)",
				);
				GCC_SYMBOLS_PRIVATE_EXTERN = NO;
				GCC_WARN_64_TO_32_BIT_CONVERSION = YES;
				GCC_WARN_ABOUT_RETURN_TYPE = YES_ERROR;
				GCC_WARN_UNDECLARED_SELECTOR = YES;
				GCC_WARN_UNINITIALIZED_AUTOS = YES_AGGRESSIVE;
				GCC_WARN_UNUSED_FUNCTION = YES;
				GCC_WARN_UNUSED_VARIABLE = YES;
				IPHONEOS_DEPLOYMENT_TARGET = 8.1;
				MTL_ENABLE_DEBUG_INFO = YES;
				ONLY_ACTIVE_ARCH = YES;
				PROVISIONING_PROFILE = "12789b4e-b76e-47d1-b7ab-721e70d54741";
				SDKROOT = iphoneos;
			};
			name = Test;
		};
		F9B3534D1A5DE265006342C6 /* Test */ = {
			isa = XCBuildConfiguration;
			baseConfigurationReference = 153D9C6F3363723670029AF8 /* Pods.debug.xcconfig */;
			buildSettings = {
				ASSETCATALOG_COMPILER_APPICON_NAME = AppIcon;
				CODE_SIGN_IDENTITY = "iPhone Developer";
				"CODE_SIGN_IDENTITY[sdk=iphoneos*]" = "iPhone Developer";
				INFOPLIST_FILE = Beckon/Info.plist;
				LD_RUNPATH_SEARCH_PATHS = "$(inherited) @executable_path/Frameworks";
				PRODUCT_NAME = "$(TARGET_NAME)";
				PROVISIONING_PROFILE = "";
			};
			name = Test;
		};
		F9B3534E1A5DE265006342C6 /* Test */ = {
			isa = XCBuildConfiguration;
			buildSettings = {
				BUNDLE_LOADER = "$(TEST_HOST)";
				CODE_SIGN_IDENTITY = "iPhone Developer";
				"CODE_SIGN_IDENTITY[sdk=iphoneos*]" = "iPhone Developer";
				FRAMEWORK_SEARCH_PATHS = (
					"$(SDKROOT)/Developer/Library/Frameworks",
					"$(inherited)",
				);
				GCC_PREPROCESSOR_DEFINITIONS = (
					"DEBUG=1",
					"$(inherited)",
				);
				INFOPLIST_FILE = BeckonTests/Info.plist;
				LD_RUNPATH_SEARCH_PATHS = "$(inherited) @executable_path/Frameworks @loader_path/Frameworks";
				PRODUCT_NAME = "$(TARGET_NAME)";
				PROVISIONING_PROFILE = "";
				TEST_HOST = "$(BUILT_PRODUCTS_DIR)/Beckon.app/Beckon";
			};
			name = Test;
		};
/* End XCBuildConfiguration section */

/* Begin XCConfigurationList section */
		F95F30071A57262D00D2CC3B /* Build configuration list for PBXProject "Beckon" */ = {
			isa = XCConfigurationList;
			buildConfigurations = (
				F95F302D1A57262D00D2CC3B /* Debug */,
				F9B3534C1A5DE265006342C6 /* Test */,
				F95F302E1A57262D00D2CC3B /* Release */,
			);
			defaultConfigurationIsVisible = 0;
			defaultConfigurationName = Release;
		};
		F95F302F1A57262D00D2CC3B /* Build configuration list for PBXNativeTarget "Beckon" */ = {
			isa = XCConfigurationList;
			buildConfigurations = (
				F95F30301A57262D00D2CC3B /* Debug */,
				F9B3534D1A5DE265006342C6 /* Test */,
				F95F30311A57262D00D2CC3B /* Release */,
			);
			defaultConfigurationIsVisible = 0;
			defaultConfigurationName = Release;
		};
		F95F30321A57262D00D2CC3B /* Build configuration list for PBXNativeTarget "BeckonTests" */ = {
			isa = XCConfigurationList;
			buildConfigurations = (
				F95F30331A57262D00D2CC3B /* Debug */,
				F9B3534E1A5DE265006342C6 /* Test */,
				F95F30341A57262D00D2CC3B /* Release */,
			);
			defaultConfigurationIsVisible = 0;
			defaultConfigurationName = Release;
		};
/* End XCConfigurationList section */
	};
	rootObject = F95F30041A57262D00D2CC3B /* Project object */;
}
